
Microsoft Visual Studio Solution File, Format Version 12.00
# Visual Studio 15
VisualStudioVersion = 15.0.27428.2011
MinimumVisualStudioVersion = 10.0.40219.1
Project("{FAE04EC0-301F-11D3-BF4B-00C04F79EFBC}") = "CourseProjectApp", "CourseProjectApp\CourseProjectApp.csproj", "{A8622714-0D5E-4D12-98CA-31630D7C87A7}"
EndProject
Global
	GlobalSection(SolutionConfigurationPlatforms) = preSolution
		Debug|Any CPU = Debug|Any CPU
		Release|Any CPU = Release|Any CPU
	EndGlobalSection
	GlobalSection(ProjectConfigurationPlatforms) = postSolution
		{A8622714-0D5E-4D12-98CA-31630D7C87A7}.Debug|Any CPU.ActiveCfg = Debug|Any CPU
		{A8622714-0D5E-4D12-98CA-31630D7C87A7}.Debug|Any CPU.Build.0 = Debug|Any CPU
		{A8622714-0D5E-4D12-98CA-31630D7C87A7}.Release|Any CPU.ActiveCfg = Release|Any CPU
		{A8622714-0D5E-4D12-98CA-31630D7C87A7}.Release|Any CPU.Build.0 = Release|Any CPU
	EndGlobalSection
	GlobalSection(SolutionProperties) = preSolution
		HideSolutionNode = FALSE
	EndGlobalSection
	GlobalSection(ExtensibilityGlobals) = postSolution
		SolutionGuid = {ABDA80E7-EE69-4D31-8195-4CBA0FD993B8}
	EndGlobalSection
EndGlobal
